
Microsoft Visual Studio Solution File, Format Version 12.00
# Visual Studio Version 17
VisualStudioVersion = 17.2.32526.322
MinimumVisualStudioVersion = 10.0.40219.1
Project("{9A19103F-16F7-4668-BE54-9A1E7A4F7556}") = "APIProject", "APIProject.csproj", "{5B8356A0-B9B9-4CD8-9552-C99C0B814EFE}"
EndProject
Project("{FAE04EC0-301F-11D3-BF4B-00C04F79EFBC}") = "TestProject1", "..\TestProject1\TestProject1.csproj", "{9F934EFE-6AEA-46F4-B365-C27A037E8E84}"
EndProject
Global
	GlobalSection(SolutionConfigurationPlatforms) = preSolution
		Debug|Any CPU = Debug|Any CPU
		Release|Any CPU = Release|Any CPU
	EndGlobalSection
	GlobalSection(ProjectConfigurationPlatforms) = postSolution
		{5B8356A0-B9B9-4CD8-9552-C99C0B814EFE}.Debug|Any CPU.ActiveCfg = Debug|Any CPU
		{5B8356A0-B9B9-4CD8-9552-C99C0B814EFE}.Debug|Any CPU.Build.0 = Debug|Any CPU
		{5B8356A0-B9B9-4CD8-9552-C99C0B814EFE}.Release|Any CPU.ActiveCfg = Release|Any CPU
		{5B8356A0-B9B9-4CD8-9552-C99C0B814EFE}.Release|Any CPU.Build.0 = Release|Any CPU
		{9F934EFE-6AEA-46F4-B365-C27A037E8E84}.Debug|Any CPU.ActiveCfg = Debug|Any CPU
		{9F934EFE-6AEA-46F4-B365-C27A037E8E84}.Debug|Any CPU.Build.0 = Debug|Any CPU
		{9F934EFE-6AEA-46F4-B365-C27A037E8E84}.Release|Any CPU.ActiveCfg = Release|Any CPU
		{9F934EFE-6AEA-46F4-B365-C27A037E8E84}.Release|Any CPU.Build.0 = Release|Any CPU
	EndGlobalSection
	GlobalSection(SolutionProperties) = preSolution
		HideSolutionNode = FALSE
	EndGlobalSection
	GlobalSection(ExtensibilityGlobals) = postSolution
		SolutionGuid = {240CC7FB-225C-48EA-9BD6-7554F43DAC18}
	EndGlobalSection
EndGlobal
